
Microsoft Visual Studio Solution File, Format Version 12.00
# Visual Studio 2013
VisualStudioVersion = 12.0.30110.0
MinimumVisualStudioVersion = 10.0.40219.1
Project("{8BC9CEB8-8B4A-11D0-8D11-00A0C91BC942}") = "scaled", "scaled\scaled.vcxproj", "{388786BB-C8BE-4424-A02E-A76B24B07B17}"
EndProject
Project("{8BC9CEB8-8B4A-11D0-8D11-00A0C91BC942}") = "simple", "simple\simple.vcxproj", "{CA035AE6-69DE-4E2F-82F7-3E37EB65181F}"
EndProject
Project("{8BC9CEB8-8B4A-11D0-8D11-00A0C91BC942}") = "tiled", "tiled\tiled.vcxproj", "{B97E3BFC-D4DC-4516-B454-E5DD2DCAEC2F}"
EndProject
Project("{8BC9CEB8-8B4A-11D0-8D11-00A0C91BC942}") = "triangle_plane", "triangle_plane\triangle_plane.vcxproj", "{6C0E27F4-3BEF-4854-A835-B48BF12385C3}"
EndProject
Project("{8BC9CEB8-8B4A-11D0-8D11-00A0C91BC942}") = "strip_plane", "strip_plane\strip_plane.vcxproj", "{CB05315A-3FE6-468C-A36E-9BFE4193DD8B}"
EndProject
Global
	GlobalSection(SolutionConfigurationPlatforms) = preSolution
		Debug|Win32 = Debug|Win32
		Release|Win32 = Release|Win32
	EndGlobalSection
	GlobalSection(ProjectConfigurationPlatforms) = postSolution
		{388786BB-C8BE-4424-A02E-A76B24B07B17}.Debug|Win32.ActiveCfg = Debug|Win32
		{388786BB-C8BE-4424-A02E-A76B24B07B17}.Debug|Win32.Build.0 = Debug|Win32
		{388786BB-C8BE-4424-A02E-A76B24B07B17}.Release|Win32.ActiveCfg = Release|Win32
		{388786BB-C8BE-4424-A02E-A76B24B07B17}.Release|Win32.Build.0 = Release|Win32
		{CA035AE6-69DE-4E2F-82F7-3E37EB65181F}.Debug|Win32.ActiveCfg = Debug|Win32
		{CA035AE6-69DE-4E2F-82F7-3E37EB65181F}.Debug|Win32.Build.0 = Debug|Win32
		{CA035AE6-69DE-4E2F-82F7-3E37EB65181F}.Release|Win32.ActiveCfg = Release|Win32
		{CA035AE6-69DE-4E2F-82F7-3E37EB65181F}.Release|Win32.Build.0 = Release|Win32
		{B97E3BFC-D4DC-4516-B454-E5DD2DCAEC2F}.Debug|Win32.ActiveCfg = Debug|Win32
		{B97E3BFC-D4DC-4516-B454-E5DD2DCAEC2F}.Debug|Win32.Build.0 = Debug|Win32
		{B97E3BFC-D4DC-4516-B454-E5DD2DCAEC2F}.Release|Win32.ActiveCfg = Release|Win32
		{B97E3BFC-D4DC-4516-B454-E5DD2DCAEC2F}.Release|Win32.Build.0 = Release|Win32
		{6C0E27F4-3BEF-4854-A835-B48BF12385C3}.Debug|Win32.ActiveCfg = Debug|Win32
		{6C0E27F4-3BEF-4854-A835-B48BF12385C3}.Debug|Win32.Build.0 = Debug|Win32
		{6C0E27F4-3BEF-4854-A835-B48BF12385C3}.Release|Win32.ActiveCfg = Release|Win32
		{6C0E27F4-3BEF-4854-A835-B48BF12385C3}.Release|Win32.Build.0 = Release|Win32
		{CB05315A-3FE6-468C-A36E-9BFE4193DD8B}.Debug|Win32.ActiveCfg = Debug|Win32
		{CB05315A-3FE6-468C-A36E-9BFE4193DD8B}.Debug|Win32.Build.0 = Debug|Win32
		{CB05315A-3FE6-468C-A36E-9BFE4193DD8B}.Release|Win32.ActiveCfg = Release|Win32
		{CB05315A-3FE6-468C-A36E-9BFE4193DD8B}.Release|Win32.Build.0 = Release|Win32
	EndGlobalSection
	GlobalSection(SolutionProperties) = preSolution
		HideSolutionNode = FALSE
	EndGlobalSection
EndGlobal
